// !$*UTF8*$!
{
	archiveVersion = 1;
	classes = {
	};
	objectVersion = 56;
	objects = {

/* Begin PBXBuildFile section */
		F444ED3E2A98A6AB00803E71 /* Test_TaskApp.swift in Sources */ = {isa = PBXBuildFile; fileRef = F444ED3D2A98A6AB00803E71 /* Test_TaskApp.swift */; };
		F444ED402A98A6AB00803E71 /* ContentView.swift in Sources */ = {isa = PBXBuildFile; fileRef = F444ED3F2A98A6AB00803E71 /* ContentView.swift */; };
		F444ED422A98A6AD00803E71 /* Assets.xcassets in Resources */ = {isa = PBXBuildFile; fileRef = F444ED412A98A6AD00803E71 /* Assets.xcassets */; };
		F444ED452A98A6AD00803E71 /* Preview Assets.xcassets in Resources */ = {isa = PBXBuildFile; fileRef = F444ED442A98A6AD00803E71 /* Preview Assets.xcassets */; };
		F444ED502A98A74100803E71 /* Config.swift in Sources */ = {isa = PBXBuildFile; fileRef = F444ED4F2A98A74100803E71 /* Config.swift */; };
		F444ED522A98A76B00803E71 /* Config.xcconfig in Resources */ = {isa = PBXBuildFile; fileRef = F444ED512A98A76B00803E71 /* Config.xcconfig */; };
		F444ED562A98A7CC00803E71 /* Model.swift in Sources */ = {isa = PBXBuildFile; fileRef = F444ED552A98A7CC00803E71 /* Model.swift */; };
		F444ED592A98A7E100803E71 /* NetworkErrors.swift in Sources */ = {isa = PBXBuildFile; fileRef = F444ED582A98A7E100803E71 /* NetworkErrors.swift */; };
		F444ED5C2A98A7FC00803E71 /* Endpoint.swift in Sources */ = {isa = PBXBuildFile; fileRef = F444ED5B2A98A7FC00803E71 /* Endpoint.swift */; };
		F444ED5F2A98A81500803E71 /* HTTPMethod.swift in Sources */ = {isa = PBXBuildFile; fileRef = F444ED5E2A98A81500803E71 /* HTTPMethod.swift */; };
		F444ED622A98A84200803E71 /* URLComponentsBuilder.swift in Sources */ = {isa = PBXBuildFile; fileRef = F444ED612A98A84200803E71 /* URLComponentsBuilder.swift */; };
		F444ED652A98A86900803E71 /* URLRequestBuilder.swift in Sources */ = {isa = PBXBuildFile; fileRef = F444ED642A98A86900803E71 /* URLRequestBuilder.swift */; };
		F444ED682A98A90D00803E71 /* APIClient.swift in Sources */ = {isa = PBXBuildFile; fileRef = F444ED672A98A90D00803E71 /* APIClient.swift */; };
		F444ED6D2A98AA5F00803E71 /* CarouselModel.swift in Sources */ = {isa = PBXBuildFile; fileRef = F444ED6C2A98AA5F00803E71 /* CarouselModel.swift */; };
		F444ED6F2A98AA7000803E71 /* ContentViewModel.swift in Sources */ = {isa = PBXBuildFile; fileRef = F444ED6E2A98AA7000803E71 /* ContentViewModel.swift */; };
/* End PBXBuildFile section */

/* Begin PBXFileReference section */
		F444ED3A2A98A6AB00803E71 /* Test-Task.app */ = {isa = PBXFileReference; explicitFileType = wrapper.application; includeInIndex = 0; path = "Test-Task.app"; sourceTree = BUILT_PRODUCTS_DIR; };
		F444ED3D2A98A6AB00803E71 /* Test_TaskApp.swift */ = {isa = PBXFileReference; lastKnownFileType = sourcecode.swift; path = Test_TaskApp.swift; sourceTree = "<group>"; };
		F444ED3F2A98A6AB00803E71 /* ContentView.swift */ = {isa = PBXFileReference; lastKnownFileType = sourcecode.swift; path = ContentView.swift; sourceTree = "<group>"; };
		F444ED412A98A6AD00803E71 /* Assets.xcassets */ = {isa = PBXFileReference; lastKnownFileType = folder.assetcatalog; path = Assets.xcassets; sourceTree = "<group>"; };
		F444ED442A98A6AD00803E71 /* Preview Assets.xcassets */ = {isa = PBXFileReference; lastKnownFileType = folder.assetcatalog; path = "Preview Assets.xcassets"; sourceTree = "<group>"; };
		F444ED4F2A98A74100803E71 /* Config.swift */ = {isa = PBXFileReference; lastKnownFileType = sourcecode.swift; path = Config.swift; sourceTree = "<group>"; };
		F444ED512A98A76B00803E71 /* Config.xcconfig */ = {isa = PBXFileReference; lastKnownFileType = text.xcconfig; path = Config.xcconfig; sourceTree = "<group>"; };
		F444ED532A98A79F00803E71 /* Info.plist */ = {isa = PBXFileReference; lastKnownFileType = text.plist; path = Info.plist; sourceTree = "<group>"; };
		F444ED552A98A7CC00803E71 /* Model.swift */ = {isa = PBXFileReference; lastKnownFileType = sourcecode.swift; path = Model.swift; sourceTree = "<group>"; };
		F444ED582A98A7E100803E71 /* NetworkErrors.swift */ = {isa = PBXFileReference; lastKnownFileType = sourcecode.swift; path = NetworkErrors.swift; sourceTree = "<group>"; };
		F444ED5B2A98A7FC00803E71 /* Endpoint.swift */ = {isa = PBXFileReference; lastKnownFileType = sourcecode.swift; path = Endpoint.swift; sourceTree = "<group>"; };
		F444ED5E2A98A81500803E71 /* HTTPMethod.swift */ = {isa = PBXFileReference; lastKnownFileType = sourcecode.swift; path = HTTPMethod.swift; sourceTree = "<group>"; };
		F444ED612A98A84200803E71 /* URLComponentsBuilder.swift */ = {isa = PBXFileReference; lastKnownFileType = sourcecode.swift; path = URLComponentsBuilder.swift; sourceTree = "<group>"; };
		F444ED642A98A86900803E71 /* URLRequestBuilder.swift */ = {isa = PBXFileReference; lastKnownFileType = sourcecode.swift; path = URLRequestBuilder.swift; sourceTree = "<group>"; };
		F444ED672A98A90D00803E71 /* APIClient.swift */ = {isa = PBXFileReference; lastKnownFileType = sourcecode.swift; path = APIClient.swift; sourceTree = "<group>"; };
		F444ED6C2A98AA5F00803E71 /* CarouselModel.swift */ = {isa = PBXFileReference; lastKnownFileType = sourcecode.swift; path = CarouselModel.swift; sourceTree = "<group>"; };
		F444ED6E2A98AA7000803E71 /* ContentViewModel.swift */ = {isa = PBXFileReference; lastKnownFileType = sourcecode.swift; path = ContentViewModel.swift; sourceTree = "<group>"; };
/* End PBXFileReference section */

/* Begin PBXFrameworksBuildPhase section */
		F444ED372A98A6AB00803E71 /* Frameworks */ = {
			isa = PBXFrameworksBuildPhase;
			buildActionMask = 2147483647;
			files = (
			);
			runOnlyForDeploymentPostprocessing = 0;
		};
/* End PBXFrameworksBuildPhase section */

/* Begin PBXGroup section */
		F444ED312A98A6AB00803E71 = {
			isa = PBXGroup;
			children = (
				F444ED3C2A98A6AB00803E71 /* Test-Task */,
				F444ED3B2A98A6AB00803E71 /* Products */,
			);
			sourceTree = "<group>";
		};
		F444ED3B2A98A6AB00803E71 /* Products */ = {
			isa = PBXGroup;
			children = (
				F444ED3A2A98A6AB00803E71 /* Test-Task.app */,
			);
			name = Products;
			sourceTree = "<group>";
		};
		F444ED3C2A98A6AB00803E71 /* Test-Task */ = {
			isa = PBXGroup;
			children = (
				F444ED532A98A79F00803E71 /* Info.plist */,
				F444ED4E2A98A70A00803E71 /* App */,
				F444ED4D2A98A6FF00803E71 /* Content */,
				F444ED4C2A98A6FB00803E71 /* Config */,
				F444ED4B2A98A6F500803E71 /* Network */,
				F444ED412A98A6AD00803E71 /* Assets.xcassets */,
				F444ED432A98A6AD00803E71 /* Preview Content */,
			);
			path = "Test-Task";
			sourceTree = "<group>";
		};
		F444ED432A98A6AD00803E71 /* Preview Content */ = {
			isa = PBXGroup;
			children = (
				F444ED442A98A6AD00803E71 /* Preview Assets.xcassets */,
			);
			path = "Preview Content";
			sourceTree = "<group>";
		};
		F444ED4B2A98A6F500803E71 /* Network */ = {
			isa = PBXGroup;
			children = (
				F444ED662A98A90400803E71 /* APIClient */,
				F444ED632A98A85500803E71 /* URLRequestBuilder */,
				F444ED602A98A82900803E71 /* URLComponentsBuilder */,
				F444ED5D2A98A80900803E71 /* HTTPMethods */,
				F444ED5A2A98A7F000803E71 /* Endpoint */,
				F444ED572A98A7D600803E71 /* NetworkErrors */,
				F444ED542A98A7B700803E71 /* Model */,
			);
			path = Network;
			sourceTree = "<group>";
		};
		F444ED4C2A98A6FB00803E71 /* Config */ = {
			isa = PBXGroup;
			children = (
				F444ED4F2A98A74100803E71 /* Config.swift */,
				F444ED512A98A76B00803E71 /* Config.xcconfig */,
			);
			path = Config;
			sourceTree = "<group>";
		};
		F444ED4D2A98A6FF00803E71 /* Content */ = {
			isa = PBXGroup;
			children = (
				F444ED6A2A98AA3C00803E71 /* Carousel */,
				F444ED692A98AA2D00803E71 /* ViewModel */,
				F444ED3F2A98A6AB00803E71 /* ContentView.swift */,
			);
			path = Content;
			sourceTree = "<group>";
		};
		F444ED4E2A98A70A00803E71 /* App */ = {
			isa = PBXGroup;
			children = (
				F444ED3D2A98A6AB00803E71 /* Test_TaskApp.swift */,
			);
			path = App;
			sourceTree = "<group>";
		};
		F444ED542A98A7B700803E71 /* Model */ = {
			isa = PBXGroup;
			children = (
				F444ED552A98A7CC00803E71 /* Model.swift */,
			);
			path = Model;
			sourceTree = "<group>";
		};
		F444ED572A98A7D600803E71 /* NetworkErrors */ = {
			isa = PBXGroup;
			children = (
				F444ED582A98A7E100803E71 /* NetworkErrors.swift */,
			);
			path = NetworkErrors;
			sourceTree = "<group>";
		};
		F444ED5A2A98A7F000803E71 /* Endpoint */ = {
			isa = PBXGroup;
			children = (
				F444ED5B2A98A7FC00803E71 /* Endpoint.swift */,
			);
			path = Endpoint;
			sourceTree = "<group>";
		};
		F444ED5D2A98A80900803E71 /* HTTPMethods */ = {
			isa = PBXGroup;
			children = (
				F444ED5E2A98A81500803E71 /* HTTPMethod.swift */,
			);
			path = HTTPMethods;
			sourceTree = "<group>";
		};
		F444ED602A98A82900803E71 /* URLComponentsBuilder */ = {
			isa = PBXGroup;
			children = (
				F444ED612A98A84200803E71 /* URLComponentsBuilder.swift */,
			);
			path = URLComponentsBuilder;
			sourceTree = "<group>";
		};
		F444ED632A98A85500803E71 /* URLRequestBuilder */ = {
			isa = PBXGroup;
			children = (
				F444ED642A98A86900803E71 /* URLRequestBuilder.swift */,
			);
			path = URLRequestBuilder;
			sourceTree = "<group>";
		};
		F444ED662A98A90400803E71 /* APIClient */ = {
			isa = PBXGroup;
			children = (
				F444ED672A98A90D00803E71 /* APIClient.swift */,
			);
			path = APIClient;
			sourceTree = "<group>";
		};
		F444ED692A98AA2D00803E71 /* ViewModel */ = {
			isa = PBXGroup;
			children = (
				F444ED6E2A98AA7000803E71 /* ContentViewModel.swift */,
			);
			path = ViewModel;
			sourceTree = "<group>";
		};
		F444ED6A2A98AA3C00803E71 /* Carousel */ = {
			isa = PBXGroup;
			children = (
				F444ED6B2A98AA4100803E71 /* Model */,
			);
			path = Carousel;
			sourceTree = "<group>";
		};
		F444ED6B2A98AA4100803E71 /* Model */ = {
			isa = PBXGroup;
			children = (
				F444ED6C2A98AA5F00803E71 /* CarouselModel.swift */,
			);
			path = Model;
			sourceTree = "<group>";
		};
/* End PBXGroup section */

/* Begin PBXNativeTarget section */
		F444ED392A98A6AB00803E71 /* Test-Task */ = {
			isa = PBXNativeTarget;
			buildConfigurationList = F444ED482A98A6AD00803E71 /* Build configuration list for PBXNativeTarget "Test-Task" */;
			buildPhases = (
				F444ED362A98A6AB00803E71 /* Sources */,
				F444ED372A98A6AB00803E71 /* Frameworks */,
				F444ED382A98A6AB00803E71 /* Resources */,
			);
			buildRules = (
			);
			dependencies = (
			);
			name = "Test-Task";
			productName = "Test-Task";
			productReference = F444ED3A2A98A6AB00803E71 /* Test-Task.app */;
			productType = "com.apple.product-type.application";
		};
/* End PBXNativeTarget section */

/* Begin PBXProject section */
		F444ED322A98A6AB00803E71 /* Project object */ = {
			isa = PBXProject;
			attributes = {
				BuildIndependentTargetsInParallel = 1;
				LastSwiftUpdateCheck = 1430;
				LastUpgradeCheck = 1430;
				TargetAttributes = {
					F444ED392A98A6AB00803E71 = {
						CreatedOnToolsVersion = 14.3.1;
					};
				};
			};
			buildConfigurationList = F444ED352A98A6AB00803E71 /* Build configuration list for PBXProject "Test-Task" */;
			compatibilityVersion = "Xcode 14.0";
			developmentRegion = en;
			hasScannedForEncodings = 0;
			knownRegions = (
				en,
				Base,
			);
			mainGroup = F444ED312A98A6AB00803E71;
			productRefGroup = F444ED3B2A98A6AB00803E71 /* Products */;
			projectDirPath = "";
			projectRoot = "";
			targets = (
				F444ED392A98A6AB00803E71 /* Test-Task */,
			);
		};
/* End PBXProject section */

/* Begin PBXResourcesBuildPhase section */
		F444ED382A98A6AB00803E71 /* Resources */ = {
			isa = PBXResourcesBuildPhase;
			buildActionMask = 2147483647;
			files = (
				F444ED452A98A6AD00803E71 /* Preview Assets.xcassets in Resources */,
				F444ED522A98A76B00803E71 /* Config.xcconfig in Resources */,
				F444ED422A98A6AD00803E71 /* Assets.xcassets in Resources */,
			);
			runOnlyForDeploymentPostprocessing = 0;
		};
/* End PBXResourcesBuildPhase section */

/* Begin PBXSourcesBuildPhase section */
		F444ED362A98A6AB00803E71 /* Sources */ = {
			isa = PBXSourcesBuildPhase;
			buildActionMask = 2147483647;
			files = (
				F444ED402A98A6AB00803E71 /* ContentView.swift in Sources */,
				F444ED3E2A98A6AB00803E71 /* Test_TaskApp.swift in Sources */,
				F444ED652A98A86900803E71 /* URLRequestBuilder.swift in Sources */,
				F444ED682A98A90D00803E71 /* APIClient.swift in Sources */,
				F444ED5F2A98A81500803E71 /* HTTPMethod.swift in Sources */,
				F444ED6D2A98AA5F00803E71 /* CarouselModel.swift in Sources */,
				F444ED592A98A7E100803E71 /* NetworkErrors.swift in Sources */,
				F444ED502A98A74100803E71 /* Config.swift in Sources */,
				F444ED6F2A98AA7000803E71 /* ContentViewModel.swift in Sources */,
				F444ED622A98A84200803E71 /* URLComponentsBuilder.swift in Sources */,
				F444ED5C2A98A7FC00803E71 /* Endpoint.swift in Sources */,
				F444ED562A98A7CC00803E71 /* Model.swift in Sources */,
			);
			runOnlyForDeploymentPostprocessing = 0;
		};
/* End PBXSourcesBuildPhase section */

/* Begin XCBuildConfiguration section */
		F444ED462A98A6AD00803E71 /* Debug */ = {
			isa = XCBuildConfiguration;
			buildSettings = {
				ALWAYS_SEARCH_USER_PATHS = NO;
				CLANG_ANALYZER_NONNULL = YES;
				CLANG_ANALYZER_NUMBER_OBJECT_CONVERSION = YES_AGGRESSIVE;
				CLANG_CXX_LANGUAGE_STANDARD = "gnu++20";
				CLANG_ENABLE_MODULES = YES;
				CLANG_ENABLE_OBJC_ARC = YES;
				CLANG_ENABLE_OBJC_WEAK = YES;
				CLANG_WARN_BLOCK_CAPTURE_AUTORELEASING = YES;
				CLANG_WARN_BOOL_CONVERSION = YES;
				CLANG_WARN_COMMA = YES;
				CLANG_WARN_CONSTANT_CONVERSION = YES;
				CLANG_WARN_DEPRECATED_OBJC_IMPLEMENTATIONS = YES;
				CLANG_WARN_DIRECT_OBJC_ISA_USAGE = YES_ERROR;
				CLANG_WARN_DOCUMENTATION_COMMENTS = YES;
				CLANG_WARN_EMPTY_BODY = YES;
				CLANG_WARN_ENUM_CONVERSION = YES;
				CLANG_WARN_INFINITE_RECURSION = YES;
				CLANG_WARN_INT_CONVERSION = YES;
				CLANG_WARN_NON_LITERAL_NULL_CONVERSION = YES;
				CLANG_WARN_OBJC_IMPLICIT_RETAIN_SELF = YES;
				CLANG_WARN_OBJC_LITERAL_CONVERSION = YES;
				CLANG_WARN_OBJC_ROOT_CLASS = YES_ERROR;
				CLANG_WARN_QUOTED_INCLUDE_IN_FRAMEWORK_HEADER = YES;
				CLANG_WARN_RANGE_LOOP_ANALYSIS = YES;
				CLANG_WARN_STRICT_PROTOTYPES = YES;
				CLANG_WARN_SUSPICIOUS_MOVE = YES;
				CLANG_WARN_UNGUARDED_AVAILABILITY = YES_AGGRESSIVE;
				CLANG_WARN_UNREACHABLE_CODE = YES;
				CLANG_WARN__DUPLICATE_METHOD_MATCH = YES;
				COPY_PHASE_STRIP = NO;
				DEBUG_INFORMATION_FORMAT = dwarf;
				ENABLE_STRICT_OBJC_MSGSEND = YES;
				ENABLE_TESTABILITY = YES;
				GCC_C_LANGUAGE_STANDARD = gnu11;
				GCC_DYNAMIC_NO_PIC = NO;
				GCC_NO_COMMON_BLOCKS = YES;
				GCC_OPTIMIZATION_LEVEL = 0;
				GCC_PREPROCESSOR_DEFINITIONS = (
					"DEBUG=1",
					"$(inherited)",
				);
				GCC_WARN_64_TO_32_BIT_CONVERSION = YES;
				GCC_WARN_ABOUT_RETURN_TYPE = YES_ERROR;
				GCC_WARN_UNDECLARED_SELECTOR = YES;
				GCC_WARN_UNINITIALIZED_AUTOS = YES_AGGRESSIVE;
				GCC_WARN_UNUSED_FUNCTION = YES;
				GCC_WARN_UNUSED_VARIABLE = YES;
				IPHONEOS_DEPLOYMENT_TARGET = 16.4;
				MTL_ENABLE_DEBUG_INFO = INCLUDE_SOURCE;
				MTL_FAST_MATH = YES;
				ONLY_ACTIVE_ARCH = YES;
				SDKROOT = iphoneos;
				SWIFT_ACTIVE_COMPILATION_CONDITIONS = DEBUG;
				SWIFT_OPTIMIZATION_LEVEL = "-Onone";
			};
			name = Debug;
		};
		F444ED472A98A6AD00803E71 /* Release */ = {
			isa = XCBuildConfiguration;
			buildSettings = {
				ALWAYS_SEARCH_USER_PATHS = NO;
				CLANG_ANALYZER_NONNULL = YES;
				CLANG_ANALYZER_NUMBER_OBJECT_CONVERSION = YES_AGGRESSIVE;
				CLANG_CXX_LANGUAGE_STANDARD = "gnu++20";
				CLANG_ENABLE_MODULES = YES;
				CLANG_ENABLE_OBJC_ARC = YES;
				CLANG_ENABLE_OBJC_WEAK = YES;
				CLANG_WARN_BLOCK_CAPTURE_AUTORELEASING = YES;
				CLANG_WARN_BOOL_CONVERSION = YES;
				CLANG_WARN_COMMA = YES;
				CLANG_WARN_CONSTANT_CONVERSION = YES;
				CLANG_WARN_DEPRECATED_OBJC_IMPLEMENTATIONS = YES;
				CLANG_WARN_DIRECT_OBJC_ISA_USAGE = YES_ERROR;
				CLANG_WARN_DOCUMENTATION_COMMENTS = YES;
				CLANG_WARN_EMPTY_BODY = YES;
				CLANG_WARN_ENUM_CONVERSION = YES;
				CLANG_WARN_INFINITE_RECURSION = YES;
				CLANG_WARN_INT_CONVERSION = YES;
				CLANG_WARN_NON_LITERAL_NULL_CONVERSION = YES;
				CLANG_WARN_OBJC_IMPLICIT_RETAIN_SELF = YES;
				CLANG_WARN_OBJC_LITERAL_CONVERSION = YES;
				CLANG_WARN_OBJC_ROOT_CLASS = YES_ERROR;
				CLANG_WARN_QUOTED_INCLUDE_IN_FRAMEWORK_HEADER = YES;
				CLANG_WARN_RANGE_LOOP_ANALYSIS = YES;
				CLANG_WARN_STRICT_PROTOTYPES = YES;
				CLANG_WARN_SUSPICIOUS_MOVE = YES;
				CLANG_WARN_UNGUARDED_AVAILABILITY = YES_AGGRESSIVE;
				CLANG_WARN_UNREACHABLE_CODE = YES;
				CLANG_WARN__DUPLICATE_METHOD_MATCH = YES;
				COPY_PHASE_STRIP = NO;
				DEBUG_INFORMATION_FORMAT = "dwarf-with-dsym";
				ENABLE_NS_ASSERTIONS = NO;
				ENABLE_STRICT_OBJC_MSGSEND = YES;
				GCC_C_LANGUAGE_STANDARD = gnu11;
				GCC_NO_COMMON_BLOCKS = YES;
				GCC_WARN_64_TO_32_BIT_CONVERSION = YES;
				GCC_WARN_ABOUT_RETURN_TYPE = YES_ERROR;
				GCC_WARN_UNDECLARED_SELECTOR = YES;
				GCC_WARN_UNINITIALIZED_AUTOS = YES_AGGRESSIVE;
				GCC_WARN_UNUSED_FUNCTION = YES;
				GCC_WARN_UNUSED_VARIABLE = YES;
				IPHONEOS_DEPLOYMENT_TARGET = 16.4;
				MTL_ENABLE_DEBUG_INFO = NO;
				MTL_FAST_MATH = YES;
				SDKROOT = iphoneos;
				SWIFT_COMPILATION_MODE = wholemodule;
				SWIFT_OPTIMIZATION_LEVEL = "-O";
				VALIDATE_PRODUCT = YES;
			};
			name = Release;
		};
		F444ED492A98A6AD00803E71 /* Debug */ = {
			isa = XCBuildConfiguration;
			buildSettings = {
				ASSETCATALOG_COMPILER_APPICON_NAME = AppIcon;
				ASSETCATALOG_COMPILER_GLOBAL_ACCENT_COLOR_NAME = AccentColor;
				CODE_SIGN_STYLE = Automatic;
				CURRENT_PROJECT_VERSION = 1;
				DEVELOPMENT_ASSET_PATHS = "\"Test-Task/Preview Content\"";
				DEVELOPMENT_TEAM = 2AUY752962;
				ENABLE_PREVIEWS = YES;
				GENERATE_INFOPLIST_FILE = YES;
				INFOPLIST_FILE = "Test-Task/Info.plist";
				INFOPLIST_KEY_UIApplicationSceneManifest_Generation = YES;
				INFOPLIST_KEY_UIApplicationSupportsIndirectInputEvents = YES;
				INFOPLIST_KEY_UILaunchScreen_Generation = YES;
				INFOPLIST_KEY_UISupportedInterfaceOrientations_iPad = "UIInterfaceOrientationPortrait UIInterfaceOrientationPortraitUpsideDown UIInterfaceOrientationLandscapeLeft UIInterfaceOrientationLandscapeRight";
				INFOPLIST_KEY_UISupportedInterfaceOrientations_iPhone = "UIInterfaceOrientationPortrait UIInterfaceOrientationLandscapeLeft UIInterfaceOrientationLandscapeRight";
				LD_RUNPATH_SEARCH_PATHS = (
					"$(inherited)",
					"@executable_path/Frameworks",
				);
				MARKETING_VERSION = 1.0;
				PRODUCT_BUNDLE_IDENTIFIER = "www.nortal.com.Test-Task";
				PRODUCT_NAME = "$(TARGET_NAME)";
				SWIFT_EMIT_LOC_STRINGS = YES;
				SWIFT_VERSION = 5.0;
				TARGETED_DEVICE_FAMILY = "1,2";
			};
			name = Debug;
		};
		F444ED4A2A98A6AD00803E71 /* Release */ = {
			isa = XCBuildConfiguration;
			buildSettings = {
				ASSETCATALOG_COMPILER_APPICON_NAME = AppIcon;
				ASSETCATALOG_COMPILER_GLOBAL_ACCENT_COLOR_NAME = AccentColor;
				CODE_SIGN_STYLE = Automatic;
				CURRENT_PROJECT_VERSION = 1;
				DEVELOPMENT_ASSET_PATHS = "\"Test-Task/Preview Content\"";
				DEVELOPMENT_TEAM = 2AUY752962;
				ENABLE_PREVIEWS = YES;
				GENERATE_INFOPLIST_FILE = YES;
				INFOPLIST_FILE = "Test-Task/Info.plist";
				INFOPLIST_KEY_UIApplicationSceneManifest_Generation = YES;
				INFOPLIST_KEY_UIApplicationSupportsIndirectInputEvents = YES;
				INFOPLIST_KEY_UILaunchScreen_Generation = YES;
				INFOPLIST_KEY_UISupportedInterfaceOrientations_iPad = "UIInterfaceOrientationPortrait UIInterfaceOrientationPortraitUpsideDown UIInterfaceOrientationLandscapeLeft UIInterfaceOrientationLandscapeRight";
				INFOPLIST_KEY_UISupportedInterfaceOrientations_iPhone = "UIInterfaceOrientationPortrait UIInterfaceOrientationLandscapeLeft UIInterfaceOrientationLandscapeRight";
				LD_RUNPATH_SEARCH_PATHS = (
					"$(inherited)",
					"@executable_path/Frameworks",
				);
				MARKETING_VERSION = 1.0;
				PRODUCT_BUNDLE_IDENTIFIER = "www.nortal.com.Test-Task";
				PRODUCT_NAME = "$(TARGET_NAME)";
				SWIFT_EMIT_LOC_STRINGS = YES;
				SWIFT_VERSION = 5.0;
				TARGETED_DEVICE_FAMILY = "1,2";
			};
			name = Release;
		};
/* End XCBuildConfiguration section */

/* Begin XCConfigurationList section */
		F444ED352A98A6AB00803E71 /* Build configuration list for PBXProject "Test-Task" */ = {
			isa = XCConfigurationList;
			buildConfigurations = (
				F444ED462A98A6AD00803E71 /* Debug */,
				F444ED472A98A6AD00803E71 /* Release */,
			);
			defaultConfigurationIsVisible = 0;
			defaultConfigurationName = Release;
		};
		F444ED482A98A6AD00803E71 /* Build configuration list for PBXNativeTarget "Test-Task" */ = {
			isa = XCConfigurationList;
			buildConfigurations = (
				F444ED492A98A6AD00803E71 /* Debug */,
				F444ED4A2A98A6AD00803E71 /* Release */,
			);
			defaultConfigurationIsVisible = 0;
			defaultConfigurationName = Release;
		};
/* End XCConfigurationList section */
	};
	rootObject = F444ED322A98A6AB00803E71 /* Project object */;
}
